<Solution>
  <Configurations>
    <Platform Name="Any CPU" />
    <Platform Name="x64" />
  </Configurations>
  <Folder Name="/Files/">
    <File Path="template.targets" />
  </Folder>
  <Project Path="src/GroupBlacklist/GroupBlacklist.csproj" />
  <Project Path="src/ItemHeldMessage/ItemHeldMessage.csproj" />
  <Project Path="src/ItemPool/ItemPool.csproj" />
</Solution>
